
Microsoft Visual Studio Solution File, Format Version 12.00
# Visual Studio 15
VisualStudioVersion = 15.0.26403.3
MinimumVisualStudioVersion = 10.0.40219.1
Project("{FAE04EC0-301F-11D3-BF4B-00C04F79EFBC}") = "BazaDanych", "BazaDanych\BazaDanych.csproj", "{6E51F1A8-93DE-45C6-9570-C8119721F9BC}"
EndProject
Global
	GlobalSection(SolutionConfigurationPlatforms) = preSolution
		Debug|Any CPU = Debug|Any CPU
		Release|Any CPU = Release|Any CPU
	EndGlobalSection
	GlobalSection(ProjectConfigurationPlatforms) = postSolution
		{6E51F1A8-93DE-45C6-9570-C8119721F9BC}.Debug|Any CPU.ActiveCfg = Debug|Any CPU
		{6E51F1A8-93DE-45C6-9570-C8119721F9BC}.Debug|Any CPU.Build.0 = Debug|Any CPU
		{6E51F1A8-93DE-45C6-9570-C8119721F9BC}.Release|Any CPU.ActiveCfg = Release|Any CPU
		{6E51F1A8-93DE-45C6-9570-C8119721F9BC}.Release|Any CPU.Build.0 = Release|Any CPU
	EndGlobalSection
	GlobalSection(SolutionProperties) = preSolution
		HideSolutionNode = FALSE
	EndGlobalSection
EndGlobal
